
Microsoft Visual Studio Solution File, Format Version 12.00
# Visual Studio 15
VisualStudioVersion = 15.0.26730.16
MinimumVisualStudioVersion = 10.0.40219.1
Project("{FAE04EC0-301F-11D3-BF4B-00C04F79EFBC}") = "WebApp", "WebApp\WebApp.csproj", "{8D1D6F1B-67A4-4F06-9729-854146655C11}"
EndProject
Global
	GlobalSection(SolutionConfigurationPlatforms) = preSolution
		Debug|Any CPU = Debug|Any CPU
		Release|Any CPU = Release|Any CPU
	EndGlobalSection
	GlobalSection(ProjectConfigurationPlatforms) = postSolution
		{8D1D6F1B-67A4-4F06-9729-854146655C11}.Debug|Any CPU.ActiveCfg = Debug|Any CPU
		{8D1D6F1B-67A4-4F06-9729-854146655C11}.Debug|Any CPU.Build.0 = Debug|Any CPU
		{8D1D6F1B-67A4-4F06-9729-854146655C11}.Release|Any CPU.ActiveCfg = Release|Any CPU
		{8D1D6F1B-67A4-4F06-9729-854146655C11}.Release|Any CPU.Build.0 = Release|Any CPU
	EndGlobalSection
	GlobalSection(SolutionProperties) = preSolution
		HideSolutionNode = FALSE
	EndGlobalSection
	GlobalSection(ExtensibilityGlobals) = postSolution
		SolutionGuid = {6FB63A60-D944-44E1-B2C8-058D73C17F0D}
	EndGlobalSection
EndGlobal
